
Microsoft Visual Studio Solution File, Format Version 12.00
# Visual Studio Version 17
VisualStudioVersion = 17.2.32526.322
MinimumVisualStudioVersion = 10.0.40219.1
Project("{FAE04EC0-301F-11D3-BF4B-00C04F79EFBC}") = "Project Winform", "Project Winform\Project Winform.csproj", "{EC0026BB-33CA-4B4D-A00A-09615336DA5D}"
EndProject
Global
	GlobalSection(SolutionConfigurationPlatforms) = preSolution
		Debug|Any CPU = Debug|Any CPU
		Release|Any CPU = Release|Any CPU
	EndGlobalSection
	GlobalSection(ProjectConfigurationPlatforms) = postSolution
		{EC0026BB-33CA-4B4D-A00A-09615336DA5D}.Debug|Any CPU.ActiveCfg = Debug|Any CPU
		{EC0026BB-33CA-4B4D-A00A-09615336DA5D}.Debug|Any CPU.Build.0 = Debug|Any CPU
		{EC0026BB-33CA-4B4D-A00A-09615336DA5D}.Release|Any CPU.ActiveCfg = Release|Any CPU
		{EC0026BB-33CA-4B4D-A00A-09615336DA5D}.Release|Any CPU.Build.0 = Release|Any CPU
	EndGlobalSection
	GlobalSection(SolutionProperties) = preSolution
		HideSolutionNode = FALSE
	EndGlobalSection
	GlobalSection(ExtensibilityGlobals) = postSolution
		SolutionGuid = {D9074FA1-1929-4650-B7C3-304B92232A6B}
	EndGlobalSection
EndGlobal
